
Microsoft Visual Studio Solution File, Format Version 11.00
# Visual Studio 2010
Project("{FAE04EC0-301F-11D3-BF4B-00C04F79EFBC}") = "ARcade", "Assembly-CSharp-firstpass.csproj", "{B112D1C1-939B-C810-E1B6-09A7C79BDE94}"
EndProject
Project("{FAE04EC0-301F-11D3-BF4B-00C04F79EFBC}") = "ARcade", "Assembly-CSharp.csproj", "{A395B396-8247-62EA-A33C-05168A40A254}"
EndProject
Project("{FAE04EC0-301F-11D3-BF4B-00C04F79EFBC}") = "ARcade", "Assembly-CSharp-Editor-firstpass.csproj", "{002923BE-88C5-F54C-651A-36DA0620C4D7}"
EndProject
Project("{FAE04EC0-301F-11D3-BF4B-00C04F79EFBC}") = "ARcade", "Assembly-CSharp-Editor.csproj", "{83358F01-0476-AA80-A950-46DA947C5A3C}"
EndProject
Project("{CB86FFF3-3A1C-4404-8178-ED118F52B4AC}") = "ARcade", "Assembly-UnityScript-Editor-firstpass.unityproj", "{8C200034-B29A-BF76-A3F5-8B24A1F83A88}"
EndProject
Global
	GlobalSection(SolutionConfigurationPlatforms) = preSolution
		Debug|Any CPU = Debug|Any CPU
		Release|Any CPU = Release|Any CPU
	EndGlobalSection
	GlobalSection(ProjectConfigurationPlatforms) = postSolution
		{B112D1C1-939B-C810-E1B6-09A7C79BDE94}.Debug|Any CPU.ActiveCfg = Debug|Any CPU
		{B112D1C1-939B-C810-E1B6-09A7C79BDE94}.Debug|Any CPU.Build.0 = Debug|Any CPU
		{B112D1C1-939B-C810-E1B6-09A7C79BDE94}.Release|Any CPU.ActiveCfg = Release|Any CPU
		{B112D1C1-939B-C810-E1B6-09A7C79BDE94}.Release|Any CPU.Build.0 = Release|Any CPU
		{A395B396-8247-62EA-A33C-05168A40A254}.Debug|Any CPU.ActiveCfg = Debug|Any CPU
		{A395B396-8247-62EA-A33C-05168A40A254}.Debug|Any CPU.Build.0 = Debug|Any CPU
		{A395B396-8247-62EA-A33C-05168A40A254}.Release|Any CPU.ActiveCfg = Release|Any CPU
		{A395B396-8247-62EA-A33C-05168A40A254}.Release|Any CPU.Build.0 = Release|Any CPU
		{002923BE-88C5-F54C-651A-36DA0620C4D7}.Debug|Any CPU.ActiveCfg = Debug|Any CPU
		{002923BE-88C5-F54C-651A-36DA0620C4D7}.Debug|Any CPU.Build.0 = Debug|Any CPU
		{002923BE-88C5-F54C-651A-36DA0620C4D7}.Release|Any CPU.ActiveCfg = Release|Any CPU
		{002923BE-88C5-F54C-651A-36DA0620C4D7}.Release|Any CPU.Build.0 = Release|Any CPU
		{83358F01-0476-AA80-A950-46DA947C5A3C}.Debug|Any CPU.ActiveCfg = Debug|Any CPU
		{83358F01-0476-AA80-A950-46DA947C5A3C}.Debug|Any CPU.Build.0 = Debug|Any CPU
		{83358F01-0476-AA80-A950-46DA947C5A3C}.Release|Any CPU.ActiveCfg = Release|Any CPU
		{83358F01-0476-AA80-A950-46DA947C5A3C}.Release|Any CPU.Build.0 = Release|Any CPU
		{8C200034-B29A-BF76-A3F5-8B24A1F83A88}.Debug|Any CPU.ActiveCfg = Debug|Any CPU
		{8C200034-B29A-BF76-A3F5-8B24A1F83A88}.Debug|Any CPU.Build.0 = Debug|Any CPU
		{8C200034-B29A-BF76-A3F5-8B24A1F83A88}.Release|Any CPU.ActiveCfg = Release|Any CPU
		{8C200034-B29A-BF76-A3F5-8B24A1F83A88}.Release|Any CPU.Build.0 = Release|Any CPU
	EndGlobalSection
	GlobalSection(SolutionProperties) = preSolution
		HideSolutionNode = FALSE
	EndGlobalSection
	GlobalSection(MonoDevelopProperties) = preSolution
		StartupItem = Assembly-CSharp.csproj
	EndGlobalSection
EndGlobal
